// !$*UTF8*$!
{
	archiveVersion = 1;
	classes = {
	};
	objectVersion = 55;
	objects = {

/* Begin PBXBuildFile section */
		630ED1F929B64FBB00A57C6F /* TravelTypeCVC.swift in Sources */ = {isa = PBXBuildFile; fileRef = 630ED1F829B64FBB00A57C6F /* TravelTypeCVC.swift */; };
		630ED1FC29B6555500A57C6F /* CustomCollectionViewCell.swift in Sources */ = {isa = PBXBuildFile; fileRef = 630ED1FB29B6555500A57C6F /* CustomCollectionViewCell.swift */; };
		631B244329BE360A00B4C48A /* InformationView.swift in Sources */ = {isa = PBXBuildFile; fileRef = 631B244229BE360A00B4C48A /* InformationView.swift */; };
		631B244529BE381E00B4C48A /* PlaceImage.swift in Sources */ = {isa = PBXBuildFile; fileRef = 631B244429BE381E00B4C48A /* PlaceImage.swift */; };
		631B244729BE3D2C00B4C48A /* WeatherData.swift in Sources */ = {isa = PBXBuildFile; fileRef = 631B244629BE3D2C00B4C48A /* WeatherData.swift */; };
		631B244929BE3E2300B4C48A /* WheatherManager.swift in Sources */ = {isa = PBXBuildFile; fileRef = 631B244829BE3E2300B4C48A /* WheatherManager.swift */; };
		635F2A6729B8A24B0008753E /* AlamofireImage in Frameworks */ = {isa = PBXBuildFile; productRef = 635F2A6629B8A24B0008753E /* AlamofireImage */; };
		635F2A6A29B8A2760008753E /* Alamofire in Frameworks */ = {isa = PBXBuildFile; productRef = 635F2A6929B8A2760008753E /* Alamofire */; };
		635F2A6D29B8A3240008753E /* CacheManager.swift in Sources */ = {isa = PBXBuildFile; fileRef = 635F2A6C29B8A3240008753E /* CacheManager.swift */; };
		AF0E0897298936FA006DB3AF /* UsersModel.swift in Sources */ = {isa = PBXBuildFile; fileRef = AF0E0896298936FA006DB3AF /* UsersModel.swift */; };
		AF1597102988FB0A006B65B5 /* AppDelegate.swift in Sources */ = {isa = PBXBuildFile; fileRef = AF15970F2988FB0A006B65B5 /* AppDelegate.swift */; };
		AF1597122988FB0A006B65B5 /* SceneDelegate.swift in Sources */ = {isa = PBXBuildFile; fileRef = AF1597112988FB0A006B65B5 /* SceneDelegate.swift */; };
		AF1597142988FB0A006B65B5 /* ViewController.swift in Sources */ = {isa = PBXBuildFile; fileRef = AF1597132988FB0A006B65B5 /* ViewController.swift */; };
		AF1597172988FB0A006B65B5 /* Main.storyboard in Resources */ = {isa = PBXBuildFile; fileRef = AF1597152988FB0A006B65B5 /* Main.storyboard */; };
		AF1597192988FB10006B65B5 /* Assets.xcassets in Resources */ = {isa = PBXBuildFile; fileRef = AF1597182988FB10006B65B5 /* Assets.xcassets */; };
		AF15971C2988FB10006B65B5 /* LaunchScreen.storyboard in Resources */ = {isa = PBXBuildFile; fileRef = AF15971A2988FB10006B65B5 /* LaunchScreen.storyboard */; };
		AF15972729891F7D006B65B5 /* GoogleService-Info.plist in Resources */ = {isa = PBXBuildFile; fileRef = AF15972629891F7D006B65B5 /* GoogleService-Info.plist */; };
		AF15972A29892065006B65B5 /* FirebaseAnalytics in Frameworks */ = {isa = PBXBuildFile; productRef = AF15972929892065006B65B5 /* FirebaseAnalytics */; };
		AF15972C29892065006B65B5 /* FirebaseAuth in Frameworks */ = {isa = PBXBuildFile; productRef = AF15972B29892065006B65B5 /* FirebaseAuth */; };
		AF15972E29892065006B65B5 /* FirebaseDatabase in Frameworks */ = {isa = PBXBuildFile; productRef = AF15972D29892065006B65B5 /* FirebaseDatabase */; };
		AF15973029892065006B65B5 /* FirebaseStorage in Frameworks */ = {isa = PBXBuildFile; productRef = AF15972F29892065006B65B5 /* FirebaseStorage */; };
		AF56566A298ADB4F00A53F6D /* RegionTableViewController.swift in Sources */ = {isa = PBXBuildFile; fileRef = AF565669298ADB4F00A53F6D /* RegionTableViewController.swift */; };
		AFBF1D302991730F00ADE281 /* RegionModel.swift in Sources */ = {isa = PBXBuildFile; fileRef = AFBF1D2F2991730F00ADE281 /* RegionModel.swift */; };
		AFBF1D3A299181ED00ADE281 /* CustomHeaderView.swift in Sources */ = {isa = PBXBuildFile; fileRef = AFBF1D39299181ED00ADE281 /* CustomHeaderView.swift */; };
		AFBF1D3E2991A71F00ADE281 /* CustomHeaderView.xib in Resources */ = {isa = PBXBuildFile; fileRef = AFBF1D3D2991A71F00ADE281 /* CustomHeaderView.xib */; };
/* End PBXBuildFile section */

/* Begin PBXFileReference section */
		630ED1F829B64FBB00A57C6F /* TravelTypeCVC.swift */ = {isa = PBXFileReference; lastKnownFileType = sourcecode.swift; path = TravelTypeCVC.swift; sourceTree = "<group>"; };
		630ED1FB29B6555500A57C6F /* CustomCollectionViewCell.swift */ = {isa = PBXFileReference; lastKnownFileType = sourcecode.swift; path = CustomCollectionViewCell.swift; sourceTree = "<group>"; };
		631B244229BE360A00B4C48A /* InformationView.swift */ = {isa = PBXFileReference; lastKnownFileType = sourcecode.swift; path = InformationView.swift; sourceTree = "<group>"; };
		631B244429BE381E00B4C48A /* PlaceImage.swift */ = {isa = PBXFileReference; lastKnownFileType = sourcecode.swift; path = PlaceImage.swift; sourceTree = "<group>"; };
		631B244629BE3D2C00B4C48A /* WeatherData.swift */ = {isa = PBXFileReference; lastKnownFileType = sourcecode.swift; path = WeatherData.swift; sourceTree = "<group>"; };
		631B244829BE3E2300B4C48A /* WheatherManager.swift */ = {isa = PBXFileReference; lastKnownFileType = sourcecode.swift; path = WheatherManager.swift; sourceTree = "<group>"; };
		635F2A6C29B8A3240008753E /* CacheManager.swift */ = {isa = PBXFileReference; lastKnownFileType = sourcecode.swift; path = CacheManager.swift; sourceTree = "<group>"; };
		AF0E0896298936FA006DB3AF /* UsersModel.swift */ = {isa = PBXFileReference; lastKnownFileType = sourcecode.swift; path = UsersModel.swift; sourceTree = "<group>"; };
		AF15970C2988FB0A006B65B5 /* BelarusTravel.app */ = {isa = PBXFileReference; explicitFileType = wrapper.application; includeInIndex = 0; path = BelarusTravel.app; sourceTree = BUILT_PRODUCTS_DIR; };
		AF15970F2988FB0A006B65B5 /* AppDelegate.swift */ = {isa = PBXFileReference; lastKnownFileType = sourcecode.swift; path = AppDelegate.swift; sourceTree = "<group>"; };
		AF1597112988FB0A006B65B5 /* SceneDelegate.swift */ = {isa = PBXFileReference; lastKnownFileType = sourcecode.swift; path = SceneDelegate.swift; sourceTree = "<group>"; };
		AF1597132988FB0A006B65B5 /* ViewController.swift */ = {isa = PBXFileReference; lastKnownFileType = sourcecode.swift; path = ViewController.swift; sourceTree = "<group>"; };
		AF1597162988FB0A006B65B5 /* Base */ = {isa = PBXFileReference; lastKnownFileType = file.storyboard; name = Base; path = Base.lproj/Main.storyboard; sourceTree = "<group>"; };
		AF1597182988FB10006B65B5 /* Assets.xcassets */ = {isa = PBXFileReference; lastKnownFileType = folder.assetcatalog; path = Assets.xcassets; sourceTree = "<group>"; };
		AF15971B2988FB10006B65B5 /* Base */ = {isa = PBXFileReference; lastKnownFileType = file.storyboard; name = Base; path = Base.lproj/LaunchScreen.storyboard; sourceTree = "<group>"; };
		AF15971D2988FB10006B65B5 /* Info.plist */ = {isa = PBXFileReference; lastKnownFileType = text.plist.xml; path = Info.plist; sourceTree = "<group>"; };
		AF15972629891F7D006B65B5 /* GoogleService-Info.plist */ = {isa = PBXFileReference; fileEncoding = 4; lastKnownFileType = text.plist.xml; path = "GoogleService-Info.plist"; sourceTree = "<group>"; };
		AF565669298ADB4F00A53F6D /* RegionTableViewController.swift */ = {isa = PBXFileReference; lastKnownFileType = sourcecode.swift; path = RegionTableViewController.swift; sourceTree = "<group>"; };
		AFBF1D2F2991730F00ADE281 /* RegionModel.swift */ = {isa = PBXFileReference; lastKnownFileType = sourcecode.swift; path = RegionModel.swift; sourceTree = "<group>"; };
		AFBF1D39299181ED00ADE281 /* CustomHeaderView.swift */ = {isa = PBXFileReference; lastKnownFileType = sourcecode.swift; path = CustomHeaderView.swift; sourceTree = "<group>"; };
		AFBF1D3D2991A71F00ADE281 /* CustomHeaderView.xib */ = {isa = PBXFileReference; lastKnownFileType = file.xib; path = CustomHeaderView.xib; sourceTree = "<group>"; };
/* End PBXFileReference section */

/* Begin PBXFrameworksBuildPhase section */
		AF1597092988FB0A006B65B5 /* Frameworks */ = {
			isa = PBXFrameworksBuildPhase;
			buildActionMask = 2147483647;
			files = (
				AF15972E29892065006B65B5 /* FirebaseDatabase in Frameworks */,
				AF15973029892065006B65B5 /* FirebaseStorage in Frameworks */,
				635F2A6729B8A24B0008753E /* AlamofireImage in Frameworks */,
				635F2A6A29B8A2760008753E /* Alamofire in Frameworks */,
				AF15972A29892065006B65B5 /* FirebaseAnalytics in Frameworks */,
				AF15972C29892065006B65B5 /* FirebaseAuth in Frameworks */,
			);
			runOnlyForDeploymentPostprocessing = 0;
		};
/* End PBXFrameworksBuildPhase section */

/* Begin PBXGroup section */
		630ED1FA29B6550900A57C6F /* CustomCollectionViewCell */ = {
			isa = PBXGroup;
			children = (
				630ED1FB29B6555500A57C6F /* CustomCollectionViewCell.swift */,
			);
			path = CustomCollectionViewCell;
			sourceTree = "<group>";
		};
		635F2A6B29B8A3040008753E /* Managers */ = {
			isa = PBXGroup;
			children = (
				635F2A6C29B8A3240008753E /* CacheManager.swift */,
				631B244829BE3E2300B4C48A /* WheatherManager.swift */,
			);
			path = Managers;
			sourceTree = "<group>";
		};
		AF0E0895298936B9006DB3AF /* Models */ = {
			isa = PBXGroup;
			children = (
				AF0E0896298936FA006DB3AF /* UsersModel.swift */,
				AFBF1D2F2991730F00ADE281 /* RegionModel.swift */,
				631B244629BE3D2C00B4C48A /* WeatherData.swift */,
			);
			path = Models;
			sourceTree = "<group>";
		};
		AF1597032988FB0A006B65B5 = {
			isa = PBXGroup;
			children = (
				AF15970E2988FB0A006B65B5 /* BelarusTravel */,
				AF15970D2988FB0A006B65B5 /* Products */,
			);
			sourceTree = "<group>";
		};
		AF15970D2988FB0A006B65B5 /* Products */ = {
			isa = PBXGroup;
			children = (
				AF15970C2988FB0A006B65B5 /* BelarusTravel.app */,
			);
			name = Products;
			sourceTree = "<group>";
		};
		AF15970E2988FB0A006B65B5 /* BelarusTravel */ = {
			isa = PBXGroup;
			children = (
				AF0E0895298936B9006DB3AF /* Models */,
				AF1597232988FB7C006B65B5 /* Views */,
				AF1597252988FBA9006B65B5 /* Controllers */,
				630ED1FA29B6550900A57C6F /* CustomCollectionViewCell */,
				AFBF1D362991803200ADE281 /* CustomSection */,
				635F2A6B29B8A3040008753E /* Managers */,
				AF1597242988FB8F006B65B5 /* Delegates */,
				AF1597182988FB10006B65B5 /* Assets.xcassets */,
				AF15971D2988FB10006B65B5 /* Info.plist */,
				AF15972629891F7D006B65B5 /* GoogleService-Info.plist */,
			);
			path = BelarusTravel;
			sourceTree = "<group>";
		};
		AF1597232988FB7C006B65B5 /* Views */ = {
			isa = PBXGroup;
			children = (
				AF1597152988FB0A006B65B5 /* Main.storyboard */,
				AF15971A2988FB10006B65B5 /* LaunchScreen.storyboard */,
			);
			path = Views;
			sourceTree = "<group>";
		};
		AF1597242988FB8F006B65B5 /* Delegates */ = {
			isa = PBXGroup;
			children = (
				AF15970F2988FB0A006B65B5 /* AppDelegate.swift */,
				AF1597112988FB0A006B65B5 /* SceneDelegate.swift */,
			);
			path = Delegates;
			sourceTree = "<group>";
		};
		AF1597252988FBA9006B65B5 /* Controllers */ = {
			isa = PBXGroup;
			children = (
				AF1597132988FB0A006B65B5 /* ViewController.swift */,
				AF565669298ADB4F00A53F6D /* RegionTableViewController.swift */,
				630ED1F829B64FBB00A57C6F /* TravelTypeCVC.swift */,
				631B244229BE360A00B4C48A /* InformationView.swift */,
				631B244429BE381E00B4C48A /* PlaceImage.swift */,
			);
			path = Controllers;
			sourceTree = "<group>";
		};
		AFBF1D362991803200ADE281 /* CustomSection */ = {
			isa = PBXGroup;
			children = (
				AFBF1D39299181ED00ADE281 /* CustomHeaderView.swift */,
				AFBF1D3D2991A71F00ADE281 /* CustomHeaderView.xib */,
			);
			path = CustomSection;
			sourceTree = "<group>";
		};
/* End PBXGroup section */

/* Begin PBXNativeTarget section */
		AF15970B2988FB0A006B65B5 /* BelarusTravel */ = {
			isa = PBXNativeTarget;
			buildConfigurationList = AF1597202988FB10006B65B5 /* Build configuration list for PBXNativeTarget "BelarusTravel" */;
			buildPhases = (
				AF1597082988FB0A006B65B5 /* Sources */,
				AF1597092988FB0A006B65B5 /* Frameworks */,
				AF15970A2988FB0A006B65B5 /* Resources */,
			);
			buildRules = (
			);
			dependencies = (
			);
			name = BelarusTravel;
			packageProductDependencies = (
				AF15972929892065006B65B5 /* FirebaseAnalytics */,
				AF15972B29892065006B65B5 /* FirebaseAuth */,
				AF15972D29892065006B65B5 /* FirebaseDatabase */,
				AF15972F29892065006B65B5 /* FirebaseStorage */,
				635F2A6629B8A24B0008753E /* AlamofireImage */,
				635F2A6929B8A2760008753E /* Alamofire */,
			);
			productName = BelarusTravel;
			productReference = AF15970C2988FB0A006B65B5 /* BelarusTravel.app */;
			productType = "com.apple.product-type.application";
		};
/* End PBXNativeTarget section */

/* Begin PBXProject section */
		AF1597042988FB0A006B65B5 /* Project object */ = {
			isa = PBXProject;
			attributes = {
				BuildIndependentTargetsInParallel = 1;
				LastSwiftUpdateCheck = 1340;
				LastUpgradeCheck = 1340;
				TargetAttributes = {
					AF15970B2988FB0A006B65B5 = {
						CreatedOnToolsVersion = 13.4.1;
					};
				};
			};
			buildConfigurationList = AF1597072988FB0A006B65B5 /* Build configuration list for PBXProject "BelarusTravel" */;
			compatibilityVersion = "Xcode 13.0";
			developmentRegion = en;
			hasScannedForEncodings = 0;
			knownRegions = (
				en,
				Base,
			);
			mainGroup = AF1597032988FB0A006B65B5;
			packageReferences = (
				AF15972829892065006B65B5 /* XCRemoteSwiftPackageReference "firebase-ios-sdk" */,
				635F2A6529B8A24B0008753E /* XCRemoteSwiftPackageReference "AlamofireImage" */,
				635F2A6829B8A2760008753E /* XCRemoteSwiftPackageReference "Alamofire" */,
			);
			productRefGroup = AF15970D2988FB0A006B65B5 /* Products */;
			projectDirPath = "";
			projectRoot = "";
			targets = (
				AF15970B2988FB0A006B65B5 /* BelarusTravel */,
			);
		};
/* End PBXProject section */

/* Begin PBXResourcesBuildPhase section */
		AF15970A2988FB0A006B65B5 /* Resources */ = {
			isa = PBXResourcesBuildPhase;
			buildActionMask = 2147483647;
			files = (
				AFBF1D3E2991A71F00ADE281 /* CustomHeaderView.xib in Resources */,
				AF15971C2988FB10006B65B5 /* LaunchScreen.storyboard in Resources */,
				AF15972729891F7D006B65B5 /* GoogleService-Info.plist in Resources */,
				AF1597192988FB10006B65B5 /* Assets.xcassets in Resources */,
				AF1597172988FB0A006B65B5 /* Main.storyboard in Resources */,
			);
			runOnlyForDeploymentPostprocessing = 0;
		};
/* End PBXResourcesBuildPhase section */

/* Begin PBXSourcesBuildPhase section */
		AF1597082988FB0A006B65B5 /* Sources */ = {
			isa = PBXSourcesBuildPhase;
			buildActionMask = 2147483647;
			files = (
				AF1597142988FB0A006B65B5 /* ViewController.swift in Sources */,
				631B244329BE360A00B4C48A /* InformationView.swift in Sources */,
				630ED1FC29B6555500A57C6F /* CustomCollectionViewCell.swift in Sources */,
				AFBF1D3A299181ED00ADE281 /* CustomHeaderView.swift in Sources */,
				630ED1F929B64FBB00A57C6F /* TravelTypeCVC.swift in Sources */,
				AFBF1D302991730F00ADE281 /* RegionModel.swift in Sources */,
				AF1597102988FB0A006B65B5 /* AppDelegate.swift in Sources */,
				635F2A6D29B8A3240008753E /* CacheManager.swift in Sources */,
				AF0E0897298936FA006DB3AF /* UsersModel.swift in Sources */,
				AF1597122988FB0A006B65B5 /* SceneDelegate.swift in Sources */,
				AF56566A298ADB4F00A53F6D /* RegionTableViewController.swift in Sources */,
				631B244929BE3E2300B4C48A /* WheatherManager.swift in Sources */,
				631B244529BE381E00B4C48A /* PlaceImage.swift in Sources */,
				631B244729BE3D2C00B4C48A /* WeatherData.swift in Sources */,
			);
			runOnlyForDeploymentPostprocessing = 0;
		};
/* End PBXSourcesBuildPhase section */

/* Begin PBXVariantGroup section */
		AF1597152988FB0A006B65B5 /* Main.storyboard */ = {
			isa = PBXVariantGroup;
			children = (
				AF1597162988FB0A006B65B5 /* Base */,
			);
			name = Main.storyboard;
			sourceTree = "<group>";
		};
		AF15971A2988FB10006B65B5 /* LaunchScreen.storyboard */ = {
			isa = PBXVariantGroup;
			children = (
				AF15971B2988FB10006B65B5 /* Base */,
			);
			name = LaunchScreen.storyboard;
			sourceTree = "<group>";
		};
/* End PBXVariantGroup section */

/* Begin XCBuildConfiguration section */
		AF15971E2988FB10006B65B5 /* Debug */ = {
			isa = XCBuildConfiguration;
			buildSettings = {
				ALWAYS_SEARCH_USER_PATHS = NO;
				CLANG_ANALYZER_NONNULL = YES;
				CLANG_ANALYZER_NUMBER_OBJECT_CONVERSION = YES_AGGRESSIVE;
				CLANG_CXX_LANGUAGE_STANDARD = "gnu++17";
				CLANG_ENABLE_MODULES = YES;
				CLANG_ENABLE_OBJC_ARC = YES;
				CLANG_ENABLE_OBJC_WEAK = YES;
				CLANG_WARN_BLOCK_CAPTURE_AUTORELEASING = YES;
				CLANG_WARN_BOOL_CONVERSION = YES;
				CLANG_WARN_COMMA = YES;
				CLANG_WARN_CONSTANT_CONVERSION = YES;
				CLANG_WARN_DEPRECATED_OBJC_IMPLEMENTATIONS = YES;
				CLANG_WARN_DIRECT_OBJC_ISA_USAGE = YES_ERROR;
				CLANG_WARN_DOCUMENTATION_COMMENTS = YES;
				CLANG_WARN_EMPTY_BODY = YES;
				CLANG_WARN_ENUM_CONVERSION = YES;
				CLANG_WARN_INFINITE_RECURSION = YES;
				CLANG_WARN_INT_CONVERSION = YES;
				CLANG_WARN_NON_LITERAL_NULL_CONVERSION = YES;
				CLANG_WARN_OBJC_IMPLICIT_RETAIN_SELF = YES;
				CLANG_WARN_OBJC_LITERAL_CONVERSION = YES;
				CLANG_WARN_OBJC_ROOT_CLASS = YES_ERROR;
				CLANG_WARN_QUOTED_INCLUDE_IN_FRAMEWORK_HEADER = YES;
				CLANG_WARN_RANGE_LOOP_ANALYSIS = YES;
				CLANG_WARN_STRICT_PROTOTYPES = YES;
				CLANG_WARN_SUSPICIOUS_MOVE = YES;
				CLANG_WARN_UNGUARDED_AVAILABILITY = YES_AGGRESSIVE;
				CLANG_WARN_UNREACHABLE_CODE = YES;
				CLANG_WARN__DUPLICATE_METHOD_MATCH = YES;
				COPY_PHASE_STRIP = NO;
				DEBUG_INFORMATION_FORMAT = dwarf;
				ENABLE_STRICT_OBJC_MSGSEND = YES;
				ENABLE_TESTABILITY = YES;
				GCC_C_LANGUAGE_STANDARD = gnu11;
				GCC_DYNAMIC_NO_PIC = NO;
				GCC_NO_COMMON_BLOCKS = YES;
				GCC_OPTIMIZATION_LEVEL = 0;
				GCC_PREPROCESSOR_DEFINITIONS = (
					"DEBUG=1",
					"$(inherited)",
				);
				GCC_WARN_64_TO_32_BIT_CONVERSION = YES;
				GCC_WARN_ABOUT_RETURN_TYPE = YES_ERROR;
				GCC_WARN_UNDECLARED_SELECTOR = YES;
				GCC_WARN_UNINITIALIZED_AUTOS = YES_AGGRESSIVE;
				GCC_WARN_UNUSED_FUNCTION = YES;
				GCC_WARN_UNUSED_VARIABLE = YES;
				IPHONEOS_DEPLOYMENT_TARGET = 15.5;
				MTL_ENABLE_DEBUG_INFO = INCLUDE_SOURCE;
				MTL_FAST_MATH = YES;
				ONLY_ACTIVE_ARCH = YES;
				SDKROOT = iphoneos;
				SWIFT_ACTIVE_COMPILATION_CONDITIONS = DEBUG;
				SWIFT_OPTIMIZATION_LEVEL = "-Onone";
			};
			name = Debug;
		};
		AF15971F2988FB10006B65B5 /* Release */ = {
			isa = XCBuildConfiguration;
			buildSettings = {
				ALWAYS_SEARCH_USER_PATHS = NO;
				CLANG_ANALYZER_NONNULL = YES;
				CLANG_ANALYZER_NUMBER_OBJECT_CONVERSION = YES_AGGRESSIVE;
				CLANG_CXX_LANGUAGE_STANDARD = "gnu++17";
				CLANG_ENABLE_MODULES = YES;
				CLANG_ENABLE_OBJC_ARC = YES;
				CLANG_ENABLE_OBJC_WEAK = YES;
				CLANG_WARN_BLOCK_CAPTURE_AUTORELEASING = YES;
				CLANG_WARN_BOOL_CONVERSION = YES;
				CLANG_WARN_COMMA = YES;
				CLANG_WARN_CONSTANT_CONVERSION = YES;
				CLANG_WARN_DEPRECATED_OBJC_IMPLEMENTATIONS = YES;
				CLANG_WARN_DIRECT_OBJC_ISA_USAGE = YES_ERROR;
				CLANG_WARN_DOCUMENTATION_COMMENTS = YES;
				CLANG_WARN_EMPTY_BODY = YES;
				CLANG_WARN_ENUM_CONVERSION = YES;
				CLANG_WARN_INFINITE_RECURSION = YES;
				CLANG_WARN_INT_CONVERSION = YES;
				CLANG_WARN_NON_LITERAL_NULL_CONVERSION = YES;
				CLANG_WARN_OBJC_IMPLICIT_RETAIN_SELF = YES;
				CLANG_WARN_OBJC_LITERAL_CONVERSION = YES;
				CLANG_WARN_OBJC_ROOT_CLASS = YES_ERROR;
				CLANG_WARN_QUOTED_INCLUDE_IN_FRAMEWORK_HEADER = YES;
				CLANG_WARN_RANGE_LOOP_ANALYSIS = YES;
				CLANG_WARN_STRICT_PROTOTYPES = YES;
				CLANG_WARN_SUSPICIOUS_MOVE = YES;
				CLANG_WARN_UNGUARDED_AVAILABILITY = YES_AGGRESSIVE;
				CLANG_WARN_UNREACHABLE_CODE = YES;
				CLANG_WARN__DUPLICATE_METHOD_MATCH = YES;
				COPY_PHASE_STRIP = NO;
				DEBUG_INFORMATION_FORMAT = "dwarf-with-dsym";
				ENABLE_NS_ASSERTIONS = NO;
				ENABLE_STRICT_OBJC_MSGSEND = YES;
				GCC_C_LANGUAGE_STANDARD = gnu11;
				GCC_NO_COMMON_BLOCKS = YES;
				GCC_WARN_64_TO_32_BIT_CONVERSION = YES;
				GCC_WARN_ABOUT_RETURN_TYPE = YES_ERROR;
				GCC_WARN_UNDECLARED_SELECTOR = YES;
				GCC_WARN_UNINITIALIZED_AUTOS = YES_AGGRESSIVE;
				GCC_WARN_UNUSED_FUNCTION = YES;
				GCC_WARN_UNUSED_VARIABLE = YES;
				IPHONEOS_DEPLOYMENT_TARGET = 15.5;
				MTL_ENABLE_DEBUG_INFO = NO;
				MTL_FAST_MATH = YES;
				SDKROOT = iphoneos;
				SWIFT_COMPILATION_MODE = wholemodule;
				SWIFT_OPTIMIZATION_LEVEL = "-O";
				VALIDATE_PRODUCT = YES;
			};
			name = Release;
		};
		AF1597212988FB10006B65B5 /* Debug */ = {
			isa = XCBuildConfiguration;
			buildSettings = {
				ASSETCATALOG_COMPILER_APPICON_NAME = AppIcon;
				ASSETCATALOG_COMPILER_GLOBAL_ACCENT_COLOR_NAME = AccentColor;
				CODE_SIGN_STYLE = Automatic;
				CURRENT_PROJECT_VERSION = 1;
				DEVELOPMENT_TEAM = JQSUXNGVC5;
				GENERATE_INFOPLIST_FILE = YES;
				INFOPLIST_FILE = BelarusTravel/Info.plist;
				INFOPLIST_KEY_UIApplicationSupportsIndirectInputEvents = YES;
				INFOPLIST_KEY_UILaunchStoryboardName = LaunchScreen;
				INFOPLIST_KEY_UIMainStoryboardFile = Main;
				INFOPLIST_KEY_UISupportedInterfaceOrientations = UIInterfaceOrientationPortrait;
				INFOPLIST_KEY_UISupportedInterfaceOrientations_iPad = "UIInterfaceOrientationPortrait UIInterfaceOrientationPortraitUpsideDown UIInterfaceOrientationLandscapeLeft UIInterfaceOrientationLandscapeRight";
				INFOPLIST_KEY_UISupportedInterfaceOrientations_iPhone = "UIInterfaceOrientationPortrait UIInterfaceOrientationLandscapeLeft UIInterfaceOrientationLandscapeRight";
				LD_RUNPATH_SEARCH_PATHS = (
					"$(inherited)",
					"@executable_path/Frameworks",
				);
				MARKETING_VERSION = 1.0;
				PRODUCT_BUNDLE_IDENTIFIER = EugeneZabrodski.BelarusTravel;
				PRODUCT_NAME = "$(TARGET_NAME)";
				SWIFT_EMIT_LOC_STRINGS = YES;
				SWIFT_VERSION = 5.0;
				TARGETED_DEVICE_FAMILY = 1;
			};
			name = Debug;
		};
		AF1597222988FB10006B65B5 /* Release */ = {
			isa = XCBuildConfiguration;
			buildSettings = {
				ASSETCATALOG_COMPILER_APPICON_NAME = AppIcon;
				ASSETCATALOG_COMPILER_GLOBAL_ACCENT_COLOR_NAME = AccentColor;
				CODE_SIGN_STYLE = Automatic;
				CURRENT_PROJECT_VERSION = 1;
				DEVELOPMENT_TEAM = JQSUXNGVC5;
				GENERATE_INFOPLIST_FILE = YES;
				INFOPLIST_FILE = BelarusTravel/Info.plist;
				INFOPLIST_KEY_UIApplicationSupportsIndirectInputEvents = YES;
				INFOPLIST_KEY_UILaunchStoryboardName = LaunchScreen;
				INFOPLIST_KEY_UIMainStoryboardFile = Main;
				INFOPLIST_KEY_UISupportedInterfaceOrientations = UIInterfaceOrientationPortrait;
				INFOPLIST_KEY_UISupportedInterfaceOrientations_iPad = "UIInterfaceOrientationPortrait UIInterfaceOrientationPortraitUpsideDown UIInterfaceOrientationLandscapeLeft UIInterfaceOrientationLandscapeRight";
				INFOPLIST_KEY_UISupportedInterfaceOrientations_iPhone = "UIInterfaceOrientationPortrait UIInterfaceOrientationLandscapeLeft UIInterfaceOrientationLandscapeRight";
				LD_RUNPATH_SEARCH_PATHS = (
					"$(inherited)",
					"@executable_path/Frameworks",
				);
				MARKETING_VERSION = 1.0;
				PRODUCT_BUNDLE_IDENTIFIER = EugeneZabrodski.BelarusTravel;
				PRODUCT_NAME = "$(TARGET_NAME)";
				SWIFT_EMIT_LOC_STRINGS = YES;
				SWIFT_VERSION = 5.0;
				TARGETED_DEVICE_FAMILY = 1;
			};
			name = Release;
		};
/* End XCBuildConfiguration section */

/* Begin XCConfigurationList section */
		AF1597072988FB0A006B65B5 /* Build configuration list for PBXProject "BelarusTravel" */ = {
			isa = XCConfigurationList;
			buildConfigurations = (
				AF15971E2988FB10006B65B5 /* Debug */,
				AF15971F2988FB10006B65B5 /* Release */,
			);
			defaultConfigurationIsVisible = 0;
			defaultConfigurationName = Release;
		};
		AF1597202988FB10006B65B5 /* Build configuration list for PBXNativeTarget "BelarusTravel" */ = {
			isa = XCConfigurationList;
			buildConfigurations = (
				AF1597212988FB10006B65B5 /* Debug */,
				AF1597222988FB10006B65B5 /* Release */,
			);
			defaultConfigurationIsVisible = 0;
			defaultConfigurationName = Release;
		};
/* End XCConfigurationList section */

/* Begin XCRemoteSwiftPackageReference section */
		635F2A6529B8A24B0008753E /* XCRemoteSwiftPackageReference "AlamofireImage" */ = {
			isa = XCRemoteSwiftPackageReference;
			repositoryURL = "https://github.com/Alamofire/AlamofireImage.git";
			requirement = {
				kind = upToNextMajorVersion;
				minimumVersion = 4.0.0;
			};
		};
		635F2A6829B8A2760008753E /* XCRemoteSwiftPackageReference "Alamofire" */ = {
			isa = XCRemoteSwiftPackageReference;
			repositoryURL = "https://github.com/Alamofire/Alamofire.git";
			requirement = {
				kind = upToNextMajorVersion;
				minimumVersion = 5.0.0;
			};
		};
		AF15972829892065006B65B5 /* XCRemoteSwiftPackageReference "firebase-ios-sdk" */ = {
			isa = XCRemoteSwiftPackageReference;
			repositoryURL = "https://github.com/firebase/firebase-ios-sdk";
			requirement = {
				kind = upToNextMajorVersion;
				minimumVersion = 10.4.0;
			};
		};
/* End XCRemoteSwiftPackageReference section */

/* Begin XCSwiftPackageProductDependency section */
		635F2A6629B8A24B0008753E /* AlamofireImage */ = {
			isa = XCSwiftPackageProductDependency;
			package = 635F2A6529B8A24B0008753E /* XCRemoteSwiftPackageReference "AlamofireImage" */;
			productName = AlamofireImage;
		};
		635F2A6929B8A2760008753E /* Alamofire */ = {
			isa = XCSwiftPackageProductDependency;
			package = 635F2A6829B8A2760008753E /* XCRemoteSwiftPackageReference "Alamofire" */;
			productName = Alamofire;
		};
		AF15972929892065006B65B5 /* FirebaseAnalytics */ = {
			isa = XCSwiftPackageProductDependency;
			package = AF15972829892065006B65B5 /* XCRemoteSwiftPackageReference "firebase-ios-sdk" */;
			productName = FirebaseAnalytics;
		};
		AF15972B29892065006B65B5 /* FirebaseAuth */ = {
			isa = XCSwiftPackageProductDependency;
			package = AF15972829892065006B65B5 /* XCRemoteSwiftPackageReference "firebase-ios-sdk" */;
			productName = FirebaseAuth;
		};
		AF15972D29892065006B65B5 /* FirebaseDatabase */ = {
			isa = XCSwiftPackageProductDependency;
			package = AF15972829892065006B65B5 /* XCRemoteSwiftPackageReference "firebase-ios-sdk" */;
			productName = FirebaseDatabase;
		};
		AF15972F29892065006B65B5 /* FirebaseStorage */ = {
			isa = XCSwiftPackageProductDependency;
			package = AF15972829892065006B65B5 /* XCRemoteSwiftPackageReference "firebase-ios-sdk" */;
			productName = FirebaseStorage;
		};
/* End XCSwiftPackageProductDependency section */
	};
	rootObject = AF1597042988FB0A006B65B5 /* Project object */;
}
